
Microsoft Visual Studio Solution File, Format Version 12.00
# Visual Studio Version 16
VisualStudioVersion = 16.0.29728.190
MinimumVisualStudioVersion = 15.0.26124.0
Project("{9A19103F-16F7-4668-BE54-9A1E7A4F7556}") = "GithubUsersApi", "GithubUsersApi\GithubUsersApi.csproj", "{97759E8D-0E6E-4D8C-8C4C-CE09499EF017}"
EndProject
Project("{9A19103F-16F7-4668-BE54-9A1E7A4F7556}") = "GithubUsersApi.Tests", "GithubUsersApi.Tests\GithubUsersApi.Tests.csproj", "{D3D7E5E7-A8FB-4296-B7ED-5EF7558B11BC}"
EndProject
Project("{FAE04EC0-301F-11D3-BF4B-00C04F79EFBC}") = "GithubUsersApi.Models", "GithubUsersApi.Models\GithubUsersApi.Models.csproj", "{319DB630-DEBD-4AB7-91C1-CD77D31059B6}"
EndProject
Project("{FAE04EC0-301F-11D3-BF4B-00C04F79EFBC}") = "GithubUsersApi.Services", "GithubUsersApi.Services\GithubUsersApi.Services.csproj", "{85F6F018-8A12-4DDF-BDBA-CC971AEA086C}"
EndProject
Global
	GlobalSection(SolutionConfigurationPlatforms) = preSolution
		Debug|Any CPU = Debug|Any CPU
		Debug|x64 = Debug|x64
		Debug|x86 = Debug|x86
		Release|Any CPU = Release|Any CPU
		Release|x64 = Release|x64
		Release|x86 = Release|x86
	EndGlobalSection
	GlobalSection(ProjectConfigurationPlatforms) = postSolution
		{97759E8D-0E6E-4D8C-8C4C-CE09499EF017}.Debug|Any CPU.ActiveCfg = Debug|Any CPU
		{97759E8D-0E6E-4D8C-8C4C-CE09499EF017}.Debug|Any CPU.Build.0 = Debug|Any CPU
		{97759E8D-0E6E-4D8C-8C4C-CE09499EF017}.Debug|x64.ActiveCfg = Debug|Any CPU
		{97759E8D-0E6E-4D8C-8C4C-CE09499EF017}.Debug|x64.Build.0 = Debug|Any CPU
		{97759E8D-0E6E-4D8C-8C4C-CE09499EF017}.Debug|x86.ActiveCfg = Debug|Any CPU
		{97759E8D-0E6E-4D8C-8C4C-CE09499EF017}.Debug|x86.Build.0 = Debug|Any CPU
		{97759E8D-0E6E-4D8C-8C4C-CE09499EF017}.Release|Any CPU.ActiveCfg = Release|Any CPU
		{97759E8D-0E6E-4D8C-8C4C-CE09499EF017}.Release|Any CPU.Build.0 = Release|Any CPU
		{97759E8D-0E6E-4D8C-8C4C-CE09499EF017}.Release|x64.ActiveCfg = Release|Any CPU
		{97759E8D-0E6E-4D8C-8C4C-CE09499EF017}.Release|x64.Build.0 = Release|Any CPU
		{97759E8D-0E6E-4D8C-8C4C-CE09499EF017}.Release|x86.ActiveCfg = Release|Any CPU
		{97759E8D-0E6E-4D8C-8C4C-CE09499EF017}.Release|x86.Build.0 = Release|Any CPU
		{D3D7E5E7-A8FB-4296-B7ED-5EF7558B11BC}.Debug|Any CPU.ActiveCfg = Debug|Any CPU
		{D3D7E5E7-A8FB-4296-B7ED-5EF7558B11BC}.Debug|Any CPU.Build.0 = Debug|Any CPU
		{D3D7E5E7-A8FB-4296-B7ED-5EF7558B11BC}.Debug|x64.ActiveCfg = Debug|Any CPU
		{D3D7E5E7-A8FB-4296-B7ED-5EF7558B11BC}.Debug|x64.Build.0 = Debug|Any CPU
		{D3D7E5E7-A8FB-4296-B7ED-5EF7558B11BC}.Debug|x86.ActiveCfg = Debug|Any CPU
		{D3D7E5E7-A8FB-4296-B7ED-5EF7558B11BC}.Debug|x86.Build.0 = Debug|Any CPU
		{D3D7E5E7-A8FB-4296-B7ED-5EF7558B11BC}.Release|Any CPU.ActiveCfg = Release|Any CPU
		{D3D7E5E7-A8FB-4296-B7ED-5EF7558B11BC}.Release|Any CPU.Build.0 = Release|Any CPU
		{D3D7E5E7-A8FB-4296-B7ED-5EF7558B11BC}.Release|x64.ActiveCfg = Release|Any CPU
		{D3D7E5E7-A8FB-4296-B7ED-5EF7558B11BC}.Release|x64.Build.0 = Release|Any CPU
		{D3D7E5E7-A8FB-4296-B7ED-5EF7558B11BC}.Release|x86.ActiveCfg = Release|Any CPU
		{D3D7E5E7-A8FB-4296-B7ED-5EF7558B11BC}.Release|x86.Build.0 = Release|Any CPU
		{319DB630-DEBD-4AB7-91C1-CD77D31059B6}.Debug|Any CPU.ActiveCfg = Debug|Any CPU
		{319DB630-DEBD-4AB7-91C1-CD77D31059B6}.Debug|Any CPU.Build.0 = Debug|Any CPU
		{319DB630-DEBD-4AB7-91C1-CD77D31059B6}.Debug|x64.ActiveCfg = Debug|Any CPU
		{319DB630-DEBD-4AB7-91C1-CD77D31059B6}.Debug|x64.Build.0 = Debug|Any CPU
		{319DB630-DEBD-4AB7-91C1-CD77D31059B6}.Debug|x86.ActiveCfg = Debug|Any CPU
		{319DB630-DEBD-4AB7-91C1-CD77D31059B6}.Debug|x86.Build.0 = Debug|Any CPU
		{319DB630-DEBD-4AB7-91C1-CD77D31059B6}.Release|Any CPU.ActiveCfg = Release|Any CPU
		{319DB630-DEBD-4AB7-91C1-CD77D31059B6}.Release|Any CPU.Build.0 = Release|Any CPU
		{319DB630-DEBD-4AB7-91C1-CD77D31059B6}.Release|x64.ActiveCfg = Release|Any CPU
		{319DB630-DEBD-4AB7-91C1-CD77D31059B6}.Release|x64.Build.0 = Release|Any CPU
		{319DB630-DEBD-4AB7-91C1-CD77D31059B6}.Release|x86.ActiveCfg = Release|Any CPU
		{319DB630-DEBD-4AB7-91C1-CD77D31059B6}.Release|x86.Build.0 = Release|Any CPU
		{85F6F018-8A12-4DDF-BDBA-CC971AEA086C}.Debug|Any CPU.ActiveCfg = Debug|Any CPU
		{85F6F018-8A12-4DDF-BDBA-CC971AEA086C}.Debug|Any CPU.Build.0 = Debug|Any CPU
		{85F6F018-8A12-4DDF-BDBA-CC971AEA086C}.Debug|x64.ActiveCfg = Debug|Any CPU
		{85F6F018-8A12-4DDF-BDBA-CC971AEA086C}.Debug|x64.Build.0 = Debug|Any CPU
		{85F6F018-8A12-4DDF-BDBA-CC971AEA086C}.Debug|x86.ActiveCfg = Debug|Any CPU
		{85F6F018-8A12-4DDF-BDBA-CC971AEA086C}.Debug|x86.Build.0 = Debug|Any CPU
		{85F6F018-8A12-4DDF-BDBA-CC971AEA086C}.Release|Any CPU.ActiveCfg = Release|Any CPU
		{85F6F018-8A12-4DDF-BDBA-CC971AEA086C}.Release|Any CPU.Build.0 = Release|Any CPU
		{85F6F018-8A12-4DDF-BDBA-CC971AEA086C}.Release|x64.ActiveCfg = Release|Any CPU
		{85F6F018-8A12-4DDF-BDBA-CC971AEA086C}.Release|x64.Build.0 = Release|Any CPU
		{85F6F018-8A12-4DDF-BDBA-CC971AEA086C}.Release|x86.ActiveCfg = Release|Any CPU
		{85F6F018-8A12-4DDF-BDBA-CC971AEA086C}.Release|x86.Build.0 = Release|Any CPU
	EndGlobalSection
	GlobalSection(SolutionProperties) = preSolution
		HideSolutionNode = FALSE
	EndGlobalSection
	GlobalSection(ExtensibilityGlobals) = postSolution
		SolutionGuid = {422F010C-0800-4670-8A5F-BF715A11664C}
	EndGlobalSection
EndGlobal
